// !$*UTF8*$!
{
	archiveVersion = 1;
	classes = {
	};
	objectVersion = 56;
	objects = {

/* Begin PBXBuildFile section */
		FB01DA5A2B9C47FE0057275D /* WelcomeView.swift in Sources */ = {isa = PBXBuildFile; fileRef = FB01DA592B9C47FE0057275D /* WelcomeView.swift */; };
		FB01DA5D2B9C48B70057275D /* NormalButton.swift in Sources */ = {isa = PBXBuildFile; fileRef = FB01DA5C2B9C48B70057275D /* NormalButton.swift */; };
		FBAECB9D2B9C457900206928 /* dig_itApp.swift in Sources */ = {isa = PBXBuildFile; fileRef = FBAECB9C2B9C457900206928 /* dig_itApp.swift */; };
		FBAECB9F2B9C457900206928 /* ContentView.swift in Sources */ = {isa = PBXBuildFile; fileRef = FBAECB9E2B9C457900206928 /* ContentView.swift */; };
		FBAECBA12B9C457900206928 /* Item.swift in Sources */ = {isa = PBXBuildFile; fileRef = FBAECBA02B9C457900206928 /* Item.swift */; };
		FBAECBA32B9C457A00206928 /* Assets.xcassets in Resources */ = {isa = PBXBuildFile; fileRef = FBAECBA22B9C457A00206928 /* Assets.xcassets */; };
		FBAECBA62B9C457A00206928 /* Preview Assets.xcassets in Resources */ = {isa = PBXBuildFile; fileRef = FBAECBA52B9C457A00206928 /* Preview Assets.xcassets */; };
		FBAECBB22B9C457B00206928 /* dig_itTests.swift in Sources */ = {isa = PBXBuildFile; fileRef = FBAECBB12B9C457B00206928 /* dig_itTests.swift */; };
		FBAECBBC2B9C457B00206928 /* dig_itUITests.swift in Sources */ = {isa = PBXBuildFile; fileRef = FBAECBBB2B9C457B00206928 /* dig_itUITests.swift */; };
		FBAECBBE2B9C457B00206928 /* dig_itUITestsLaunchTests.swift in Sources */ = {isa = PBXBuildFile; fileRef = FBAECBBD2B9C457B00206928 /* dig_itUITestsLaunchTests.swift */; };
/* End PBXBuildFile section */

/* Begin PBXContainerItemProxy section */
		FBAECBAE2B9C457B00206928 /* PBXContainerItemProxy */ = {
			isa = PBXContainerItemProxy;
			containerPortal = FBAECB912B9C457900206928 /* Project object */;
			proxyType = 1;
			remoteGlobalIDString = FBAECB982B9C457900206928;
			remoteInfo = "dig-it";
		};
		FBAECBB82B9C457B00206928 /* PBXContainerItemProxy */ = {
			isa = PBXContainerItemProxy;
			containerPortal = FBAECB912B9C457900206928 /* Project object */;
			proxyType = 1;
			remoteGlobalIDString = FBAECB982B9C457900206928;
			remoteInfo = "dig-it";
		};
/* End PBXContainerItemProxy section */

/* Begin PBXFileReference section */
		FB01DA592B9C47FE0057275D /* WelcomeView.swift */ = {isa = PBXFileReference; lastKnownFileType = sourcecode.swift; path = WelcomeView.swift; sourceTree = "<group>"; };
		FB01DA5C2B9C48B70057275D /* NormalButton.swift */ = {isa = PBXFileReference; lastKnownFileType = sourcecode.swift; path = NormalButton.swift; sourceTree = "<group>"; };
		FBAECB992B9C457900206928 /* dig-it.app */ = {isa = PBXFileReference; explicitFileType = wrapper.application; includeInIndex = 0; path = "dig-it.app"; sourceTree = BUILT_PRODUCTS_DIR; };
		FBAECB9C2B9C457900206928 /* dig_itApp.swift */ = {isa = PBXFileReference; lastKnownFileType = sourcecode.swift; path = dig_itApp.swift; sourceTree = "<group>"; };
		FBAECB9E2B9C457900206928 /* ContentView.swift */ = {isa = PBXFileReference; lastKnownFileType = sourcecode.swift; path = ContentView.swift; sourceTree = "<group>"; };
		FBAECBA02B9C457900206928 /* Item.swift */ = {isa = PBXFileReference; lastKnownFileType = sourcecode.swift; path = Item.swift; sourceTree = "<group>"; };
		FBAECBA22B9C457A00206928 /* Assets.xcassets */ = {isa = PBXFileReference; lastKnownFileType = folder.assetcatalog; path = Assets.xcassets; sourceTree = "<group>"; };
		FBAECBA52B9C457A00206928 /* Preview Assets.xcassets */ = {isa = PBXFileReference; lastKnownFileType = folder.assetcatalog; path = "Preview Assets.xcassets"; sourceTree = "<group>"; };
		FBAECBA72B9C457A00206928 /* dig_it.entitlements */ = {isa = PBXFileReference; lastKnownFileType = text.plist.entitlements; path = dig_it.entitlements; sourceTree = "<group>"; };
		FBAECBA82B9C457A00206928 /* Info.plist */ = {isa = PBXFileReference; lastKnownFileType = text.plist.xml; path = Info.plist; sourceTree = "<group>"; };
		FBAECBAD2B9C457B00206928 /* dig-itTests.xctest */ = {isa = PBXFileReference; explicitFileType = wrapper.cfbundle; includeInIndex = 0; path = "dig-itTests.xctest"; sourceTree = BUILT_PRODUCTS_DIR; };
		FBAECBB12B9C457B00206928 /* dig_itTests.swift */ = {isa = PBXFileReference; lastKnownFileType = sourcecode.swift; path = dig_itTests.swift; sourceTree = "<group>"; };
		FBAECBB72B9C457B00206928 /* dig-itUITests.xctest */ = {isa = PBXFileReference; explicitFileType = wrapper.cfbundle; includeInIndex = 0; path = "dig-itUITests.xctest"; sourceTree = BUILT_PRODUCTS_DIR; };
		FBAECBBB2B9C457B00206928 /* dig_itUITests.swift */ = {isa = PBXFileReference; lastKnownFileType = sourcecode.swift; path = dig_itUITests.swift; sourceTree = "<group>"; };
		FBAECBBD2B9C457B00206928 /* dig_itUITestsLaunchTests.swift */ = {isa = PBXFileReference; lastKnownFileType = sourcecode.swift; path = dig_itUITestsLaunchTests.swift; sourceTree = "<group>"; };
/* End PBXFileReference section */

/* Begin PBXFrameworksBuildPhase section */
		FBAECB962B9C457900206928 /* Frameworks */ = {
			isa = PBXFrameworksBuildPhase;
			buildActionMask = 2147483647;
			files = (
			);
			runOnlyForDeploymentPostprocessing = 0;
		};
		FBAECBAA2B9C457B00206928 /* Frameworks */ = {
			isa = PBXFrameworksBuildPhase;
			buildActionMask = 2147483647;
			files = (
			);
			runOnlyForDeploymentPostprocessing = 0;
		};
		FBAECBB42B9C457B00206928 /* Frameworks */ = {
			isa = PBXFrameworksBuildPhase;
			buildActionMask = 2147483647;
			files = (
			);
			runOnlyForDeploymentPostprocessing = 0;
		};
/* End PBXFrameworksBuildPhase section */

/* Begin PBXGroup section */
		FB01DA5B2B9C48870057275D /* Components */ = {
			isa = PBXGroup;
			children = (
				FB01DA5C2B9C48B70057275D /* NormalButton.swift */,
			);
			path = Components;
			sourceTree = "<group>";
		};
		FBAECB902B9C457900206928 = {
			isa = PBXGroup;
			children = (
				FBAECB9B2B9C457900206928 /* dig-it */,
				FBAECBB02B9C457B00206928 /* dig-itTests */,
				FBAECBBA2B9C457B00206928 /* dig-itUITests */,
				FBAECB9A2B9C457900206928 /* Products */,
			);
			sourceTree = "<group>";
		};
		FBAECB9A2B9C457900206928 /* Products */ = {
			isa = PBXGroup;
			children = (
				FBAECB992B9C457900206928 /* dig-it.app */,
				FBAECBAD2B9C457B00206928 /* dig-itTests.xctest */,
				FBAECBB72B9C457B00206928 /* dig-itUITests.xctest */,
			);
			name = Products;
			sourceTree = "<group>";
		};
		FBAECB9B2B9C457900206928 /* dig-it */ = {
			isa = PBXGroup;
			children = (
				FBAECB9C2B9C457900206928 /* dig_itApp.swift */,
				FBAECB9E2B9C457900206928 /* ContentView.swift */,
				FB01DA592B9C47FE0057275D /* WelcomeView.swift */,
				FB01DA5B2B9C48870057275D /* Components */,
				FBAECBA02B9C457900206928 /* Item.swift */,
				FBAECBA22B9C457A00206928 /* Assets.xcassets */,
				FBAECBA72B9C457A00206928 /* dig_it.entitlements */,
				FBAECBA82B9C457A00206928 /* Info.plist */,
				FBAECBA42B9C457A00206928 /* Preview Content */,
			);
			path = "dig-it";
			sourceTree = "<group>";
		};
		FBAECBA42B9C457A00206928 /* Preview Content */ = {
			isa = PBXGroup;
			children = (
				FBAECBA52B9C457A00206928 /* Preview Assets.xcassets */,
			);
			path = "Preview Content";
			sourceTree = "<group>";
		};
		FBAECBB02B9C457B00206928 /* dig-itTests */ = {
			isa = PBXGroup;
			children = (
				FBAECBB12B9C457B00206928 /* dig_itTests.swift */,
			);
			path = "dig-itTests";
			sourceTree = "<group>";
		};
		FBAECBBA2B9C457B00206928 /* dig-itUITests */ = {
			isa = PBXGroup;
			children = (
				FBAECBBB2B9C457B00206928 /* dig_itUITests.swift */,
				FBAECBBD2B9C457B00206928 /* dig_itUITestsLaunchTests.swift */,
			);
			path = "dig-itUITests";
			sourceTree = "<group>";
		};
/* End PBXGroup section */

/* Begin PBXNativeTarget section */
		FBAECB982B9C457900206928 /* dig-it */ = {
			isa = PBXNativeTarget;
			buildConfigurationList = FBAECBC12B9C457B00206928 /* Build configuration list for PBXNativeTarget "dig-it" */;
			buildPhases = (
				FBAECB952B9C457900206928 /* Sources */,
				FBAECB962B9C457900206928 /* Frameworks */,
				FBAECB972B9C457900206928 /* Resources */,
			);
			buildRules = (
			);
			dependencies = (
			);
			name = "dig-it";
			productName = "dig-it";
			productReference = FBAECB992B9C457900206928 /* dig-it.app */;
			productType = "com.apple.product-type.application";
		};
		FBAECBAC2B9C457B00206928 /* dig-itTests */ = {
			isa = PBXNativeTarget;
			buildConfigurationList = FBAECBC42B9C457B00206928 /* Build configuration list for PBXNativeTarget "dig-itTests" */;
			buildPhases = (
				FBAECBA92B9C457B00206928 /* Sources */,
				FBAECBAA2B9C457B00206928 /* Frameworks */,
				FBAECBAB2B9C457B00206928 /* Resources */,
			);
			buildRules = (
			);
			dependencies = (
				FBAECBAF2B9C457B00206928 /* PBXTargetDependency */,
			);
			name = "dig-itTests";
			productName = "dig-itTests";
			productReference = FBAECBAD2B9C457B00206928 /* dig-itTests.xctest */;
			productType = "com.apple.product-type.bundle.unit-test";
		};
		FBAECBB62B9C457B00206928 /* dig-itUITests */ = {
			isa = PBXNativeTarget;
			buildConfigurationList = FBAECBC72B9C457B00206928 /* Build configuration list for PBXNativeTarget "dig-itUITests" */;
			buildPhases = (
				FBAECBB32B9C457B00206928 /* Sources */,
				FBAECBB42B9C457B00206928 /* Frameworks */,
				FBAECBB52B9C457B00206928 /* Resources */,
			);
			buildRules = (
			);
			dependencies = (
				FBAECBB92B9C457B00206928 /* PBXTargetDependency */,
			);
			name = "dig-itUITests";
			productName = "dig-itUITests";
			productReference = FBAECBB72B9C457B00206928 /* dig-itUITests.xctest */;
			productType = "com.apple.product-type.bundle.ui-testing";
		};
/* End PBXNativeTarget section */

/* Begin PBXProject section */
		FBAECB912B9C457900206928 /* Project object */ = {
			isa = PBXProject;
			attributes = {
				BuildIndependentTargetsInParallel = 1;
				LastSwiftUpdateCheck = 1520;
				LastUpgradeCheck = 1520;
				TargetAttributes = {
					FBAECB982B9C457900206928 = {
						CreatedOnToolsVersion = 15.2;
					};
					FBAECBAC2B9C457B00206928 = {
						CreatedOnToolsVersion = 15.2;
						TestTargetID = FBAECB982B9C457900206928;
					};
					FBAECBB62B9C457B00206928 = {
						CreatedOnToolsVersion = 15.2;
						TestTargetID = FBAECB982B9C457900206928;
					};
				};
			};
			buildConfigurationList = FBAECB942B9C457900206928 /* Build configuration list for PBXProject "dig-it" */;
			compatibilityVersion = "Xcode 14.0";
			developmentRegion = en;
			hasScannedForEncodings = 0;
			knownRegions = (
				en,
				Base,
			);
			mainGroup = FBAECB902B9C457900206928;
			productRefGroup = FBAECB9A2B9C457900206928 /* Products */;
			projectDirPath = "";
			projectRoot = "";
			targets = (
				FBAECB982B9C457900206928 /* dig-it */,
				FBAECBAC2B9C457B00206928 /* dig-itTests */,
				FBAECBB62B9C457B00206928 /* dig-itUITests */,
			);
		};
/* End PBXProject section */

/* Begin PBXResourcesBuildPhase section */
		FBAECB972B9C457900206928 /* Resources */ = {
			isa = PBXResourcesBuildPhase;
			buildActionMask = 2147483647;
			files = (
				FBAECBA62B9C457A00206928 /* Preview Assets.xcassets in Resources */,
				FBAECBA32B9C457A00206928 /* Assets.xcassets in Resources */,
			);
			runOnlyForDeploymentPostprocessing = 0;
		};
		FBAECBAB2B9C457B00206928 /* Resources */ = {
			isa = PBXResourcesBuildPhase;
			buildActionMask = 2147483647;
			files = (
			);
			runOnlyForDeploymentPostprocessing = 0;
		};
		FBAECBB52B9C457B00206928 /* Resources */ = {
			isa = PBXResourcesBuildPhase;
			buildActionMask = 2147483647;
			files = (
			);
			runOnlyForDeploymentPostprocessing = 0;
		};
/* End PBXResourcesBuildPhase section */

/* Begin PBXSourcesBuildPhase section */
		FBAECB952B9C457900206928 /* Sources */ = {
			isa = PBXSourcesBuildPhase;
			buildActionMask = 2147483647;
			files = (
				FBAECB9F2B9C457900206928 /* ContentView.swift in Sources */,
				FBAECBA12B9C457900206928 /* Item.swift in Sources */,
				FBAECB9D2B9C457900206928 /* dig_itApp.swift in Sources */,
				FB01DA5A2B9C47FE0057275D /* WelcomeView.swift in Sources */,
				FB01DA5D2B9C48B70057275D /* NormalButton.swift in Sources */,
			);
			runOnlyForDeploymentPostprocessing = 0;
		};
		FBAECBA92B9C457B00206928 /* Sources */ = {
			isa = PBXSourcesBuildPhase;
			buildActionMask = 2147483647;
			files = (
				FBAECBB22B9C457B00206928 /* dig_itTests.swift in Sources */,
			);
			runOnlyForDeploymentPostprocessing = 0;
		};
		FBAECBB32B9C457B00206928 /* Sources */ = {
			isa = PBXSourcesBuildPhase;
			buildActionMask = 2147483647;
			files = (
				FBAECBBE2B9C457B00206928 /* dig_itUITestsLaunchTests.swift in Sources */,
				FBAECBBC2B9C457B00206928 /* dig_itUITests.swift in Sources */,
			);
			runOnlyForDeploymentPostprocessing = 0;
		};
/* End PBXSourcesBuildPhase section */

/* Begin PBXTargetDependency section */
		FBAECBAF2B9C457B00206928 /* PBXTargetDependency */ = {
			isa = PBXTargetDependency;
			target = FBAECB982B9C457900206928 /* dig-it */;
			targetProxy = FBAECBAE2B9C457B00206928 /* PBXContainerItemProxy */;
		};
		FBAECBB92B9C457B00206928 /* PBXTargetDependency */ = {
			isa = PBXTargetDependency;
			target = FBAECB982B9C457900206928 /* dig-it */;
			targetProxy = FBAECBB82B9C457B00206928 /* PBXContainerItemProxy */;
		};
/* End PBXTargetDependency section */

/* Begin XCBuildConfiguration section */
		FBAECBBF2B9C457B00206928 /* Debug */ = {
			isa = XCBuildConfiguration;
			buildSettings = {
				ALWAYS_SEARCH_USER_PATHS = NO;
				ASSETCATALOG_COMPILER_GENERATE_SWIFT_ASSET_SYMBOL_EXTENSIONS = YES;
				CLANG_ANALYZER_NONNULL = YES;
				CLANG_ANALYZER_NUMBER_OBJECT_CONVERSION = YES_AGGRESSIVE;
				CLANG_CXX_LANGUAGE_STANDARD = "gnu++20";
				CLANG_ENABLE_MODULES = YES;
				CLANG_ENABLE_OBJC_ARC = YES;
				CLANG_ENABLE_OBJC_WEAK = YES;
				CLANG_WARN_BLOCK_CAPTURE_AUTORELEASING = YES;
				CLANG_WARN_BOOL_CONVERSION = YES;
				CLANG_WARN_COMMA = YES;
				CLANG_WARN_CONSTANT_CONVERSION = YES;
				CLANG_WARN_DEPRECATED_OBJC_IMPLEMENTATIONS = YES;
				CLANG_WARN_DIRECT_OBJC_ISA_USAGE = YES_ERROR;
				CLANG_WARN_DOCUMENTATION_COMMENTS = YES;
				CLANG_WARN_EMPTY_BODY = YES;
				CLANG_WARN_ENUM_CONVERSION = YES;
				CLANG_WARN_INFINITE_RECURSION = YES;
				CLANG_WARN_INT_CONVERSION = YES;
				CLANG_WARN_NON_LITERAL_NULL_CONVERSION = YES;
				CLANG_WARN_OBJC_IMPLICIT_RETAIN_SELF = YES;
				CLANG_WARN_OBJC_LITERAL_CONVERSION = YES;
				CLANG_WARN_OBJC_ROOT_CLASS = YES_ERROR;
				CLANG_WARN_QUOTED_INCLUDE_IN_FRAMEWORK_HEADER = YES;
				CLANG_WARN_RANGE_LOOP_ANALYSIS = YES;
				CLANG_WARN_STRICT_PROTOTYPES = YES;
				CLANG_WARN_SUSPICIOUS_MOVE = YES;
				CLANG_WARN_UNGUARDED_AVAILABILITY = YES_AGGRESSIVE;
				CLANG_WARN_UNREACHABLE_CODE = YES;
				CLANG_WARN__DUPLICATE_METHOD_MATCH = YES;
				COPY_PHASE_STRIP = NO;
				DEBUG_INFORMATION_FORMAT = dwarf;
				ENABLE_STRICT_OBJC_MSGSEND = YES;
				ENABLE_TESTABILITY = YES;
				ENABLE_USER_SCRIPT_SANDBOXING = YES;
				GCC_C_LANGUAGE_STANDARD = gnu17;
				GCC_DYNAMIC_NO_PIC = NO;
				GCC_NO_COMMON_BLOCKS = YES;
				GCC_OPTIMIZATION_LEVEL = 0;
				GCC_PREPROCESSOR_DEFINITIONS = (
					"DEBUG=1",
					"$(inherited)",
				);
				GCC_WARN_64_TO_32_BIT_CONVERSION = YES;
				GCC_WARN_ABOUT_RETURN_TYPE = YES_ERROR;
				GCC_WARN_UNDECLARED_SELECTOR = YES;
				GCC_WARN_UNINITIALIZED_AUTOS = YES_AGGRESSIVE;
				GCC_WARN_UNUSED_FUNCTION = YES;
				GCC_WARN_UNUSED_VARIABLE = YES;
				IPHONEOS_DEPLOYMENT_TARGET = 17.2;
				LOCALIZATION_PREFERS_STRING_CATALOGS = YES;
				MTL_ENABLE_DEBUG_INFO = INCLUDE_SOURCE;
				MTL_FAST_MATH = YES;
				ONLY_ACTIVE_ARCH = YES;
				SDKROOT = iphoneos;
				SWIFT_ACTIVE_COMPILATION_CONDITIONS = "DEBUG $(inherited)";
				SWIFT_OPTIMIZATION_LEVEL = "-Onone";
			};
			name = Debug;
		};
		FBAECBC02B9C457B00206928 /* Release */ = {
			isa = XCBuildConfiguration;
			buildSettings = {
				ALWAYS_SEARCH_USER_PATHS = NO;
				ASSETCATALOG_COMPILER_GENERATE_SWIFT_ASSET_SYMBOL_EXTENSIONS = YES;
				CLANG_ANALYZER_NONNULL = YES;
				CLANG_ANALYZER_NUMBER_OBJECT_CONVERSION = YES_AGGRESSIVE;
				CLANG_CXX_LANGUAGE_STANDARD = "gnu++20";
				CLANG_ENABLE_MODULES = YES;
				CLANG_ENABLE_OBJC_ARC = YES;
				CLANG_ENABLE_OBJC_WEAK = YES;
				CLANG_WARN_BLOCK_CAPTURE_AUTORELEASING = YES;
				CLANG_WARN_BOOL_CONVERSION = YES;
				CLANG_WARN_COMMA = YES;
				CLANG_WARN_CONSTANT_CONVERSION = YES;
				CLANG_WARN_DEPRECATED_OBJC_IMPLEMENTATIONS = YES;
				CLANG_WARN_DIRECT_OBJC_ISA_USAGE = YES_ERROR;
				CLANG_WARN_DOCUMENTATION_COMMENTS = YES;
				CLANG_WARN_EMPTY_BODY = YES;
				CLANG_WARN_ENUM_CONVERSION = YES;
				CLANG_WARN_INFINITE_RECURSION = YES;
				CLANG_WARN_INT_CONVERSION = YES;
				CLANG_WARN_NON_LITERAL_NULL_CONVERSION = YES;
				CLANG_WARN_OBJC_IMPLICIT_RETAIN_SELF = YES;
				CLANG_WARN_OBJC_LITERAL_CONVERSION = YES;
				CLANG_WARN_OBJC_ROOT_CLASS = YES_ERROR;
				CLANG_WARN_QUOTED_INCLUDE_IN_FRAMEWORK_HEADER = YES;
				CLANG_WARN_RANGE_LOOP_ANALYSIS = YES;
				CLANG_WARN_STRICT_PROTOTYPES = YES;
				CLANG_WARN_SUSPICIOUS_MOVE = YES;
				CLANG_WARN_UNGUARDED_AVAILABILITY = YES_AGGRESSIVE;
				CLANG_WARN_UNREACHABLE_CODE = YES;
				CLANG_WARN__DUPLICATE_METHOD_MATCH = YES;
				COPY_PHASE_STRIP = NO;
				DEBUG_INFORMATION_FORMAT = "dwarf-with-dsym";
				ENABLE_NS_ASSERTIONS = NO;
				ENABLE_STRICT_OBJC_MSGSEND = YES;
				ENABLE_USER_SCRIPT_SANDBOXING = YES;
				GCC_C_LANGUAGE_STANDARD = gnu17;
				GCC_NO_COMMON_BLOCKS = YES;
				GCC_WARN_64_TO_32_BIT_CONVERSION = YES;
				GCC_WARN_ABOUT_RETURN_TYPE = YES_ERROR;
				GCC_WARN_UNDECLARED_SELECTOR = YES;
				GCC_WARN_UNINITIALIZED_AUTOS = YES_AGGRESSIVE;
				GCC_WARN_UNUSED_FUNCTION = YES;
				GCC_WARN_UNUSED_VARIABLE = YES;
				IPHONEOS_DEPLOYMENT_TARGET = 17.2;
				LOCALIZATION_PREFERS_STRING_CATALOGS = YES;
				MTL_ENABLE_DEBUG_INFO = NO;
				MTL_FAST_MATH = YES;
				SDKROOT = iphoneos;
				SWIFT_COMPILATION_MODE = wholemodule;
				VALIDATE_PRODUCT = YES;
			};
			name = Release;
		};
		FBAECBC22B9C457B00206928 /* Debug */ = {
			isa = XCBuildConfiguration;
			buildSettings = {
				ASSETCATALOG_COMPILER_APPICON_NAME = AppIcon;
				ASSETCATALOG_COMPILER_GLOBAL_ACCENT_COLOR_NAME = AccentColor;
				CODE_SIGN_ENTITLEMENTS = "dig-it/dig_it.entitlements";
				CODE_SIGN_STYLE = Automatic;
				CURRENT_PROJECT_VERSION = 1;
				DEVELOPMENT_ASSET_PATHS = "\"dig-it/Preview Content\"";
				DEVELOPMENT_TEAM = VZBG2DMPDR;
				ENABLE_PREVIEWS = YES;
				GENERATE_INFOPLIST_FILE = YES;
				INFOPLIST_FILE = "dig-it/Info.plist";
				INFOPLIST_KEY_UIApplicationSceneManifest_Generation = YES;
				INFOPLIST_KEY_UIApplicationSupportsIndirectInputEvents = YES;
				INFOPLIST_KEY_UILaunchScreen_Generation = YES;
				INFOPLIST_KEY_UISupportedInterfaceOrientations_iPad = "UIInterfaceOrientationPortrait UIInterfaceOrientationPortraitUpsideDown UIInterfaceOrientationLandscapeLeft UIInterfaceOrientationLandscapeRight";
				INFOPLIST_KEY_UISupportedInterfaceOrientations_iPhone = "UIInterfaceOrientationPortrait UIInterfaceOrientationLandscapeLeft UIInterfaceOrientationLandscapeRight";
				LD_RUNPATH_SEARCH_PATHS = (
					"$(inherited)",
					"@executable_path/Frameworks",
				);
				MARKETING_VERSION = 1.0;
				PRODUCT_BUNDLE_IDENTIFIER = "com.ogijun.dig-it";
				PRODUCT_NAME = "$(TARGET_NAME)";
				SUPPORTED_PLATFORMS = "iphoneos iphonesimulator";
				SUPPORTS_MACCATALYST = NO;
				SUPPORTS_MAC_DESIGNED_FOR_IPHONE_IPAD = NO;
				SWIFT_EMIT_LOC_STRINGS = YES;
				SWIFT_VERSION = 5.0;
				TARGETED_DEVICE_FAMILY = 1;
			};
			name = Debug;
		};
		FBAECBC32B9C457B00206928 /* Release */ = {
			isa = XCBuildConfiguration;
			buildSettings = {
				ASSETCATALOG_COMPILER_APPICON_NAME = AppIcon;
				ASSETCATALOG_COMPILER_GLOBAL_ACCENT_COLOR_NAME = AccentColor;
				CODE_SIGN_ENTITLEMENTS = "dig-it/dig_it.entitlements";
				CODE_SIGN_STYLE = Automatic;
				CURRENT_PROJECT_VERSION = 1;
				DEVELOPMENT_ASSET_PATHS = "\"dig-it/Preview Content\"";
				DEVELOPMENT_TEAM = VZBG2DMPDR;
				ENABLE_PREVIEWS = YES;
				GENERATE_INFOPLIST_FILE = YES;
				INFOPLIST_FILE = "dig-it/Info.plist";
				INFOPLIST_KEY_UIApplicationSceneManifest_Generation = YES;
				INFOPLIST_KEY_UIApplicationSupportsIndirectInputEvents = YES;
				INFOPLIST_KEY_UILaunchScreen_Generation = YES;
				INFOPLIST_KEY_UISupportedInterfaceOrientations_iPad = "UIInterfaceOrientationPortrait UIInterfaceOrientationPortraitUpsideDown UIInterfaceOrientationLandscapeLeft UIInterfaceOrientationLandscapeRight";
				INFOPLIST_KEY_UISupportedInterfaceOrientations_iPhone = "UIInterfaceOrientationPortrait UIInterfaceOrientationLandscapeLeft UIInterfaceOrientationLandscapeRight";
				LD_RUNPATH_SEARCH_PATHS = (
					"$(inherited)",
					"@executable_path/Frameworks",
				);
				MARKETING_VERSION = 1.0;
				PRODUCT_BUNDLE_IDENTIFIER = "com.ogijun.dig-it";
				PRODUCT_NAME = "$(TARGET_NAME)";
				SUPPORTED_PLATFORMS = "iphoneos iphonesimulator";
				SUPPORTS_MACCATALYST = NO;
				SUPPORTS_MAC_DESIGNED_FOR_IPHONE_IPAD = NO;
				SWIFT_EMIT_LOC_STRINGS = YES;
				SWIFT_VERSION = 5.0;
				TARGETED_DEVICE_FAMILY = 1;
			};
			name = Release;
		};
		FBAECBC52B9C457B00206928 /* Debug */ = {
			isa = XCBuildConfiguration;
			buildSettings = {
				ALWAYS_EMBED_SWIFT_STANDARD_LIBRARIES = YES;
				BUNDLE_LOADER = "$(TEST_HOST)";
				CODE_SIGN_STYLE = Automatic;
				CURRENT_PROJECT_VERSION = 1;
				DEVELOPMENT_TEAM = VZBG2DMPDR;
				GENERATE_INFOPLIST_FILE = YES;
				IPHONEOS_DEPLOYMENT_TARGET = 17.2;
				MARKETING_VERSION = 1.0;
				PRODUCT_BUNDLE_IDENTIFIER = "com.ogijun.dig-itTests";
				PRODUCT_NAME = "$(TARGET_NAME)";
				SWIFT_EMIT_LOC_STRINGS = NO;
				SWIFT_VERSION = 5.0;
				TARGETED_DEVICE_FAMILY = "1,2";
				TEST_HOST = "$(BUILT_PRODUCTS_DIR)/dig-it.app/$(BUNDLE_EXECUTABLE_FOLDER_PATH)/dig-it";
			};
			name = Debug;
		};
		FBAECBC62B9C457B00206928 /* Release */ = {
			isa = XCBuildConfiguration;
			buildSettings = {
				ALWAYS_EMBED_SWIFT_STANDARD_LIBRARIES = YES;
				BUNDLE_LOADER = "$(TEST_HOST)";
				CODE_SIGN_STYLE = Automatic;
				CURRENT_PROJECT_VERSION = 1;
				DEVELOPMENT_TEAM = VZBG2DMPDR;
				GENERATE_INFOPLIST_FILE = YES;
				IPHONEOS_DEPLOYMENT_TARGET = 17.2;
				MARKETING_VERSION = 1.0;
				PRODUCT_BUNDLE_IDENTIFIER = "com.ogijun.dig-itTests";
				PRODUCT_NAME = "$(TARGET_NAME)";
				SWIFT_EMIT_LOC_STRINGS = NO;
				SWIFT_VERSION = 5.0;
				TARGETED_DEVICE_FAMILY = "1,2";
				TEST_HOST = "$(BUILT_PRODUCTS_DIR)/dig-it.app/$(BUNDLE_EXECUTABLE_FOLDER_PATH)/dig-it";
			};
			name = Release;
		};
		FBAECBC82B9C457B00206928 /* Debug */ = {
			isa = XCBuildConfiguration;
			buildSettings = {
				ALWAYS_EMBED_SWIFT_STANDARD_LIBRARIES = YES;
				CODE_SIGN_STYLE = Automatic;
				CURRENT_PROJECT_VERSION = 1;
				DEVELOPMENT_TEAM = VZBG2DMPDR;
				GENERATE_INFOPLIST_FILE = YES;
				MARKETING_VERSION = 1.0;
				PRODUCT_BUNDLE_IDENTIFIER = "com.ogijun.dig-itUITests";
				PRODUCT_NAME = "$(TARGET_NAME)";
				SWIFT_EMIT_LOC_STRINGS = NO;
				SWIFT_VERSION = 5.0;
				TARGETED_DEVICE_FAMILY = "1,2";
				TEST_TARGET_NAME = "dig-it";
			};
			name = Debug;
		};
		FBAECBC92B9C457B00206928 /* Release */ = {
			isa = XCBuildConfiguration;
			buildSettings = {
				ALWAYS_EMBED_SWIFT_STANDARD_LIBRARIES = YES;
				CODE_SIGN_STYLE = Automatic;
				CURRENT_PROJECT_VERSION = 1;
				DEVELOPMENT_TEAM = VZBG2DMPDR;
				GENERATE_INFOPLIST_FILE = YES;
				MARKETING_VERSION = 1.0;
				PRODUCT_BUNDLE_IDENTIFIER = "com.ogijun.dig-itUITests";
				PRODUCT_NAME = "$(TARGET_NAME)";
				SWIFT_EMIT_LOC_STRINGS = NO;
				SWIFT_VERSION = 5.0;
				TARGETED_DEVICE_FAMILY = "1,2";
				TEST_TARGET_NAME = "dig-it";
			};
			name = Release;
		};
/* End XCBuildConfiguration section */

/* Begin XCConfigurationList section */
		FBAECB942B9C457900206928 /* Build configuration list for PBXProject "dig-it" */ = {
			isa = XCConfigurationList;
			buildConfigurations = (
				FBAECBBF2B9C457B00206928 /* Debug */,
				FBAECBC02B9C457B00206928 /* Release */,
			);
			defaultConfigurationIsVisible = 0;
			defaultConfigurationName = Release;
		};
		FBAECBC12B9C457B00206928 /* Build configuration list for PBXNativeTarget "dig-it" */ = {
			isa = XCConfigurationList;
			buildConfigurations = (
				FBAECBC22B9C457B00206928 /* Debug */,
				FBAECBC32B9C457B00206928 /* Release */,
			);
			defaultConfigurationIsVisible = 0;
			defaultConfigurationName = Release;
		};
		FBAECBC42B9C457B00206928 /* Build configuration list for PBXNativeTarget "dig-itTests" */ = {
			isa = XCConfigurationList;
			buildConfigurations = (
				FBAECBC52B9C457B00206928 /* Debug */,
				FBAECBC62B9C457B00206928 /* Release */,
			);
			defaultConfigurationIsVisible = 0;
			defaultConfigurationName = Release;
		};
		FBAECBC72B9C457B00206928 /* Build configuration list for PBXNativeTarget "dig-itUITests" */ = {
			isa = XCConfigurationList;
			buildConfigurations = (
				FBAECBC82B9C457B00206928 /* Debug */,
				FBAECBC92B9C457B00206928 /* Release */,
			);
			defaultConfigurationIsVisible = 0;
			defaultConfigurationName = Release;
		};
/* End XCConfigurationList section */
	};
	rootObject = FBAECB912B9C457900206928 /* Project object */;
}
